
Microsoft Visual Studio Solution File, Format Version 12.00
# Visual Studio Version 16
VisualStudioVersion = 16.0.30621.155
MinimumVisualStudioVersion = 10.0.40219.1
Project("{FAE04EC0-301F-11D3-BF4B-00C04F79EFBC}") = "Publisher", "Publisher\Publisher.csproj", "{12C2F55E-D2E7-4011-BFC5-2D1E96CFD93D}"
EndProject
Project("{FAE04EC0-301F-11D3-BF4B-00C04F79EFBC}") = "SubscriberA", "SubscriberA\SubscriberA.csproj", "{E8F2248D-07D9-4465-ABD7-4C9B0BC833C7}"
EndProject
Project("{2150E333-8FDC-42A3-9474-1A3956D46DE8}") = "BuildingBlocks", "BuildingBlocks", "{AE0D296E-605D-47C4-B31F-9498D8611728}"
EndProject
Project("{FAE04EC0-301F-11D3-BF4B-00C04F79EFBC}") = "EventHandlingDemo", "BuildingBlocks\EventHandlingDemo\EventHandlingDemo.csproj", "{475ACC4A-5F6A-4484-A9CB-3507579CC665}"
EndProject
Project("{FAE04EC0-301F-11D3-BF4B-00C04F79EFBC}") = "Models", "Models\Models.csproj", "{F4A0D3D4-78AB-48AB-A1E4-47F4D81FE7E0}"
EndProject
Global
	GlobalSection(SolutionConfigurationPlatforms) = preSolution
		Debug|Any CPU = Debug|Any CPU
		Release|Any CPU = Release|Any CPU
	EndGlobalSection
	GlobalSection(ProjectConfigurationPlatforms) = postSolution
		{12C2F55E-D2E7-4011-BFC5-2D1E96CFD93D}.Debug|Any CPU.ActiveCfg = Debug|Any CPU
		{12C2F55E-D2E7-4011-BFC5-2D1E96CFD93D}.Debug|Any CPU.Build.0 = Debug|Any CPU
		{12C2F55E-D2E7-4011-BFC5-2D1E96CFD93D}.Release|Any CPU.ActiveCfg = Release|Any CPU
		{12C2F55E-D2E7-4011-BFC5-2D1E96CFD93D}.Release|Any CPU.Build.0 = Release|Any CPU
		{E8F2248D-07D9-4465-ABD7-4C9B0BC833C7}.Debug|Any CPU.ActiveCfg = Debug|Any CPU
		{E8F2248D-07D9-4465-ABD7-4C9B0BC833C7}.Debug|Any CPU.Build.0 = Debug|Any CPU
		{E8F2248D-07D9-4465-ABD7-4C9B0BC833C7}.Release|Any CPU.ActiveCfg = Release|Any CPU
		{E8F2248D-07D9-4465-ABD7-4C9B0BC833C7}.Release|Any CPU.Build.0 = Release|Any CPU
		{475ACC4A-5F6A-4484-A9CB-3507579CC665}.Debug|Any CPU.ActiveCfg = Debug|Any CPU
		{475ACC4A-5F6A-4484-A9CB-3507579CC665}.Debug|Any CPU.Build.0 = Debug|Any CPU
		{475ACC4A-5F6A-4484-A9CB-3507579CC665}.Release|Any CPU.ActiveCfg = Release|Any CPU
		{475ACC4A-5F6A-4484-A9CB-3507579CC665}.Release|Any CPU.Build.0 = Release|Any CPU
		{F4A0D3D4-78AB-48AB-A1E4-47F4D81FE7E0}.Debug|Any CPU.ActiveCfg = Debug|Any CPU
		{F4A0D3D4-78AB-48AB-A1E4-47F4D81FE7E0}.Debug|Any CPU.Build.0 = Debug|Any CPU
		{F4A0D3D4-78AB-48AB-A1E4-47F4D81FE7E0}.Release|Any CPU.ActiveCfg = Release|Any CPU
		{F4A0D3D4-78AB-48AB-A1E4-47F4D81FE7E0}.Release|Any CPU.Build.0 = Release|Any CPU
	EndGlobalSection
	GlobalSection(SolutionProperties) = preSolution
		HideSolutionNode = FALSE
	EndGlobalSection
	GlobalSection(NestedProjects) = preSolution
		{475ACC4A-5F6A-4484-A9CB-3507579CC665} = {AE0D296E-605D-47C4-B31F-9498D8611728}
	EndGlobalSection
	GlobalSection(ExtensibilityGlobals) = postSolution
		SolutionGuid = {080AB8E5-8537-4D34-A116-03720E89DEF4}
	EndGlobalSection
EndGlobal
